
Microsoft Visual Studio Solution File, Format Version 12.00
# Visual Studio 2013
VisualStudioVersion = 12.0.30723.0
MinimumVisualStudioVersion = 10.0.40219.1
Project("{FAE04EC0-301F-11D3-BF4B-00C04F79EFBC}") = "ChangeCase", "ChangeCase.csproj", "{2B3BEAF3-25CC-4691-9D6A-980DD73DFE80}"
EndProject
Project("{FAE04EC0-301F-11D3-BF4B-00C04F79EFBC}") = "ChangeCase.Tests", "ChangeCase.Tests\ChangeCase.Tests.csproj", "{0166D9A4-D4EF-4F1B-90DF-8129A3896D84}"
EndProject
Global
	GlobalSection(SolutionConfigurationPlatforms) = preSolution
		Debug|Any CPU = Debug|Any CPU
		Release|Any CPU = Release|Any CPU
	EndGlobalSection
	GlobalSection(ProjectConfigurationPlatforms) = postSolution
		{2B3BEAF3-25CC-4691-9D6A-980DD73DFE80}.Debug|Any CPU.ActiveCfg = Debug|Any CPU
		{2B3BEAF3-25CC-4691-9D6A-980DD73DFE80}.Debug|Any CPU.Build.0 = Debug|Any CPU
		{2B3BEAF3-25CC-4691-9D6A-980DD73DFE80}.Release|Any CPU.ActiveCfg = Release|Any CPU
		{2B3BEAF3-25CC-4691-9D6A-980DD73DFE80}.Release|Any CPU.Build.0 = Release|Any CPU
		{0166D9A4-D4EF-4F1B-90DF-8129A3896D84}.Debug|Any CPU.ActiveCfg = Debug|Any CPU
		{0166D9A4-D4EF-4F1B-90DF-8129A3896D84}.Debug|Any CPU.Build.0 = Debug|Any CPU
		{0166D9A4-D4EF-4F1B-90DF-8129A3896D84}.Release|Any CPU.ActiveCfg = Release|Any CPU
		{0166D9A4-D4EF-4F1B-90DF-8129A3896D84}.Release|Any CPU.Build.0 = Release|Any CPU
	EndGlobalSection
	GlobalSection(SolutionProperties) = preSolution
		HideSolutionNode = FALSE
	EndGlobalSection
EndGlobal
